
Microsoft Visual Studio Solution File, Format Version 12.00
# Visual Studio Version 16
VisualStudioVersion = 16.0.31829.152
MinimumVisualStudioVersion = 10.0.40219.1
Project("{FAE04EC0-301F-11D3-BF4B-00C04F79EFBC}") = "CoffeeMachine", "CoffeeMachine\CoffeeMachine.csproj", "{F3A19C29-D86E-481A-B28C-BF70BF3D4059}"
EndProject
Project("{FAE04EC0-301F-11D3-BF4B-00C04F79EFBC}") = "Api", "Api\Api.csproj", "{011916FB-245F-470A-89EE-29A93E9F186B}"
EndProject
Project("{FAE04EC0-301F-11D3-BF4B-00C04F79EFBC}") = "Domain", "Domain\Domain.csproj", "{5DBB3941-0E34-4F84-B5A4-1F3E8118C7E0}"
EndProject
Project("{FAE04EC0-301F-11D3-BF4B-00C04F79EFBC}") = "UnitTests", "UnitTests\UnitTests.csproj", "{AB7F2797-68B8-42F0-BAB3-BA0DFAFBA83F}"
EndProject
Project("{2150E333-8FDC-42A3-9474-1A3956D46DE8}") = "src", "src", "{B33D1EBB-032C-46BA-9E07-29399479C7D9}"
EndProject
Project("{2150E333-8FDC-42A3-9474-1A3956D46DE8}") = "tests", "tests", "{0F614E4C-A5E2-4613-8FE3-4F4C0B47B5DA}"
EndProject
Global
	GlobalSection(SolutionConfigurationPlatforms) = preSolution
		Debug|Any CPU = Debug|Any CPU
		Release|Any CPU = Release|Any CPU
	EndGlobalSection
	GlobalSection(ProjectConfigurationPlatforms) = postSolution
		{F3A19C29-D86E-481A-B28C-BF70BF3D4059}.Debug|Any CPU.ActiveCfg = Debug|Any CPU
		{F3A19C29-D86E-481A-B28C-BF70BF3D4059}.Debug|Any CPU.Build.0 = Debug|Any CPU
		{F3A19C29-D86E-481A-B28C-BF70BF3D4059}.Release|Any CPU.ActiveCfg = Release|Any CPU
		{F3A19C29-D86E-481A-B28C-BF70BF3D4059}.Release|Any CPU.Build.0 = Release|Any CPU
		{011916FB-245F-470A-89EE-29A93E9F186B}.Debug|Any CPU.ActiveCfg = Debug|Any CPU
		{011916FB-245F-470A-89EE-29A93E9F186B}.Debug|Any CPU.Build.0 = Debug|Any CPU
		{011916FB-245F-470A-89EE-29A93E9F186B}.Release|Any CPU.ActiveCfg = Release|Any CPU
		{011916FB-245F-470A-89EE-29A93E9F186B}.Release|Any CPU.Build.0 = Release|Any CPU
		{5DBB3941-0E34-4F84-B5A4-1F3E8118C7E0}.Debug|Any CPU.ActiveCfg = Debug|Any CPU
		{5DBB3941-0E34-4F84-B5A4-1F3E8118C7E0}.Debug|Any CPU.Build.0 = Debug|Any CPU
		{5DBB3941-0E34-4F84-B5A4-1F3E8118C7E0}.Release|Any CPU.ActiveCfg = Release|Any CPU
		{5DBB3941-0E34-4F84-B5A4-1F3E8118C7E0}.Release|Any CPU.Build.0 = Release|Any CPU
		{AB7F2797-68B8-42F0-BAB3-BA0DFAFBA83F}.Debug|Any CPU.ActiveCfg = Debug|Any CPU
		{AB7F2797-68B8-42F0-BAB3-BA0DFAFBA83F}.Debug|Any CPU.Build.0 = Debug|Any CPU
		{AB7F2797-68B8-42F0-BAB3-BA0DFAFBA83F}.Release|Any CPU.ActiveCfg = Release|Any CPU
		{AB7F2797-68B8-42F0-BAB3-BA0DFAFBA83F}.Release|Any CPU.Build.0 = Release|Any CPU
	EndGlobalSection
	GlobalSection(SolutionProperties) = preSolution
		HideSolutionNode = FALSE
	EndGlobalSection
	GlobalSection(NestedProjects) = preSolution
		{F3A19C29-D86E-481A-B28C-BF70BF3D4059} = {B33D1EBB-032C-46BA-9E07-29399479C7D9}
		{011916FB-245F-470A-89EE-29A93E9F186B} = {B33D1EBB-032C-46BA-9E07-29399479C7D9}
		{5DBB3941-0E34-4F84-B5A4-1F3E8118C7E0} = {B33D1EBB-032C-46BA-9E07-29399479C7D9}
		{AB7F2797-68B8-42F0-BAB3-BA0DFAFBA83F} = {0F614E4C-A5E2-4613-8FE3-4F4C0B47B5DA}
	EndGlobalSection
	GlobalSection(ExtensibilityGlobals) = postSolution
		SolutionGuid = {63832E10-EFE2-4D40-8A82-9506B4EB8B78}
	EndGlobalSection
EndGlobal
